// !$*UTF8*$!
{
	archiveVersion = 1;
	classes = {
	};
	objectVersion = 55;
	objects = {

/* Begin PBXBuildFile section */
		4F991DD95C489A91685C12CB /* Pods_StarWars_iOSTests.framework in Frameworks */ = {isa = PBXBuildFile; fileRef = 1083C230B5F31BCFAD10A0C2 /* Pods_StarWars_iOSTests.framework */; };
		846D3072292CF938006FC25F /* AppDelegate.swift in Sources */ = {isa = PBXBuildFile; fileRef = 846D3071292CF938006FC25F /* AppDelegate.swift */; };
		846D3074292CF938006FC25F /* SceneDelegate.swift in Sources */ = {isa = PBXBuildFile; fileRef = 846D3073292CF938006FC25F /* SceneDelegate.swift */; };
		846D3076292CF938006FC25F /* ViewController.swift in Sources */ = {isa = PBXBuildFile; fileRef = 846D3075292CF938006FC25F /* ViewController.swift */; };
		846D3079292CF938006FC25F /* Main.storyboard in Resources */ = {isa = PBXBuildFile; fileRef = 846D3077292CF938006FC25F /* Main.storyboard */; };
		846D307C292CF938006FC25F /* StarWars_iOS.xcdatamodeld in Sources */ = {isa = PBXBuildFile; fileRef = 846D307A292CF938006FC25F /* StarWars_iOS.xcdatamodeld */; };
		846D307E292CF93A006FC25F /* Assets.xcassets in Resources */ = {isa = PBXBuildFile; fileRef = 846D307D292CF93A006FC25F /* Assets.xcassets */; };
		846D3081292CF93A006FC25F /* LaunchScreen.storyboard in Resources */ = {isa = PBXBuildFile; fileRef = 846D307F292CF93A006FC25F /* LaunchScreen.storyboard */; };
		846D308C292CF93A006FC25F /* StarWars_iOSTests.swift in Sources */ = {isa = PBXBuildFile; fileRef = 846D308B292CF93A006FC25F /* StarWars_iOSTests.swift */; };
		846D30AF292D022A006FC25F /* HomeViewController.swift in Sources */ = {isa = PBXBuildFile; fileRef = 846D30AD292D022A006FC25F /* HomeViewController.swift */; };
		846D30B0292D022A006FC25F /* HomeViewController.xib in Resources */ = {isa = PBXBuildFile; fileRef = 846D30AE292D022A006FC25F /* HomeViewController.xib */; };
		846D30B2292D027F006FC25F /* HomeViewModel.swift in Sources */ = {isa = PBXBuildFile; fileRef = 846D30B1292D027F006FC25F /* HomeViewModel.swift */; };
		93481410293EB7D7003A9462 /* ShipViewController.swift in Sources */ = {isa = PBXBuildFile; fileRef = 9348140E293EB7D7003A9462 /* ShipViewController.swift */; };
		93481411293EB7D7003A9462 /* ShipViewController.xib in Resources */ = {isa = PBXBuildFile; fileRef = 9348140F293EB7D7003A9462 /* ShipViewController.xib */; };
		93481418293EB8B1003A9462 /* ShipTableViewCell.swift in Sources */ = {isa = PBXBuildFile; fileRef = 93481416293EB8B1003A9462 /* ShipTableViewCell.swift */; };
		93481419293EB8B1003A9462 /* ShipTableViewCell.xib in Resources */ = {isa = PBXBuildFile; fileRef = 93481417293EB8B1003A9462 /* ShipTableViewCell.xib */; };
		9348141B293EBA6D003A9462 /* StarshipResponse.swift in Sources */ = {isa = PBXBuildFile; fileRef = 9348141A293EBA6D003A9462 /* StarshipResponse.swift */; };
		93CAE1AE293A907A006E14E4 /* NibWrapperView.swift in Sources */ = {isa = PBXBuildFile; fileRef = 93CAE1AD293A907A006E14E4 /* NibWrapperView.swift */; };
		93CAE1B0293A9276006E14E4 /* NibWrapped.swift in Sources */ = {isa = PBXBuildFile; fileRef = 93CAE1AF293A9276006E14E4 /* NibWrapped.swift */; };
		93D1AA6D293104FB00DC9DA6 /* Localizable.strings in Resources */ = {isa = PBXBuildFile; fileRef = 93D1AA6F293104FB00DC9DA6 /* Localizable.strings */; };
		93D1AA72293116A500DC9DA6 /* StringConstants.swift in Sources */ = {isa = PBXBuildFile; fileRef = 93D1AA71293116A500DC9DA6 /* StringConstants.swift */; };
		93D1AA752931181300DC9DA6 /* ViewModel.swift in Sources */ = {isa = PBXBuildFile; fileRef = 93D1AA742931181300DC9DA6 /* ViewModel.swift */; };
		93D1AA7929311CB900DC9DA6 /* MovieCollectionViewCell.swift in Sources */ = {isa = PBXBuildFile; fileRef = 93D1AA7729311CB900DC9DA6 /* MovieCollectionViewCell.swift */; };
		93D1AA7A29311CB900DC9DA6 /* MovieCollectionViewCell.xib in Resources */ = {isa = PBXBuildFile; fileRef = 93D1AA7829311CB900DC9DA6 /* MovieCollectionViewCell.xib */; };
		93D1AA7C29316C6700DC9DA6 /* DateExtension.swift in Sources */ = {isa = PBXBuildFile; fileRef = 93D1AA7B29316C6700DC9DA6 /* DateExtension.swift */; };
		93F0A4EB293A62C3009444FA /* ErrorReusableView.swift in Sources */ = {isa = PBXBuildFile; fileRef = 93F0A4EA293A62C3009444FA /* ErrorReusableView.swift */; };
		93F0A4ED293A62E4009444FA /* ErrorReusableView.xib in Resources */ = {isa = PBXBuildFile; fileRef = 93F0A4EC293A62E4009444FA /* ErrorReusableView.xib */; };
		93F0A4EF293A63D0009444FA /* UIViewExtension.swift in Sources */ = {isa = PBXBuildFile; fileRef = 93F0A4EE293A63D0009444FA /* UIViewExtension.swift */; };
		93FF5616293D9A31006A3691 /* EntitiesSearchResult.swift in Sources */ = {isa = PBXBuildFile; fileRef = 93FF5615293D9A31006A3691 /* EntitiesSearchResult.swift */; };
		99BDDBA322881CC674276128 /* Pods_StarWars_iOS.framework in Frameworks */ = {isa = PBXBuildFile; fileRef = 0BA354F9762C0C682E931BE4 /* Pods_StarWars_iOS.framework */; };
		C261FDE82936DB6C00BE21CF /* Character+CoreDataClass.swift in Sources */ = {isa = PBXBuildFile; fileRef = C261FDE62936DB6C00BE21CF /* Character+CoreDataClass.swift */; };
		C261FDE92936DB6C00BE21CF /* Character+CoreDataProperties.swift in Sources */ = {isa = PBXBuildFile; fileRef = C261FDE72936DB6C00BE21CF /* Character+CoreDataProperties.swift */; };
		C261FDF0293706B300BE21CF /* CharacterTableViewCell.swift in Sources */ = {isa = PBXBuildFile; fileRef = C261FDEE293706B300BE21CF /* CharacterTableViewCell.swift */; };
		C261FDF1293706B300BE21CF /* CharacterTableViewCell.xib in Resources */ = {isa = PBXBuildFile; fileRef = C261FDEF293706B300BE21CF /* CharacterTableViewCell.xib */; };
		C26A7CD329379E910092AA62 /* Movie+CoreDataClass.swift in Sources */ = {isa = PBXBuildFile; fileRef = C26A7CD129379E910092AA62 /* Movie+CoreDataClass.swift */; };
		C26A7CD429379E910092AA62 /* Movie+CoreDataProperties.swift in Sources */ = {isa = PBXBuildFile; fileRef = C26A7CD229379E910092AA62 /* Movie+CoreDataProperties.swift */; };
		C26EB30729357EDC006D4AC0 /* DetailManagerNetwork.swift in Sources */ = {isa = PBXBuildFile; fileRef = C26EB30629357EDC006D4AC0 /* DetailManagerNetwork.swift */; };
		C26EB30929358608006D4AC0 /* DetailManagerLocal.swift in Sources */ = {isa = PBXBuildFile; fileRef = C26EB30829358608006D4AC0 /* DetailManagerLocal.swift */; };
		C26EB30B29358D84006D4AC0 /* DetailManager.swift in Sources */ = {isa = PBXBuildFile; fileRef = C26EB30A29358D84006D4AC0 /* DetailManager.swift */; };
		C26EB30D29358EC0006D4AC0 /* CharacterResponse.swift in Sources */ = {isa = PBXBuildFile; fileRef = C26EB30C29358EC0006D4AC0 /* CharacterResponse.swift */; };
		C26EB310293599C1006D4AC0 /* MovieDetailViewModel.swift in Sources */ = {isa = PBXBuildFile; fileRef = C26EB30F293599C1006D4AC0 /* MovieDetailViewModel.swift */; };
		C27E44D1292FAFA9009A3101 /* Starship+CoreDataProperties.swift in Sources */ = {isa = PBXBuildFile; fileRef = C27E44C5292FAFA9009A3101 /* Starship+CoreDataProperties.swift */; };
		C27E44D2292FAFA9009A3101 /* Planet+CoreDataProperties.swift in Sources */ = {isa = PBXBuildFile; fileRef = C27E44C6292FAFA9009A3101 /* Planet+CoreDataProperties.swift */; };
		C27E44D3292FAFA9009A3101 /* Vehicle+CoreDataClass.swift in Sources */ = {isa = PBXBuildFile; fileRef = C27E44C7292FAFA9009A3101 /* Vehicle+CoreDataClass.swift */; };
		C27E44D4292FAFA9009A3101 /* Specie+CoreDataClass.swift in Sources */ = {isa = PBXBuildFile; fileRef = C27E44C8292FAFA9009A3101 /* Specie+CoreDataClass.swift */; };
		C27E44D5292FAFA9009A3101 /* Vehicle+CoreDataProperties.swift in Sources */ = {isa = PBXBuildFile; fileRef = C27E44C9292FAFA9009A3101 /* Vehicle+CoreDataProperties.swift */; };
		C27E44D8292FAFA9009A3101 /* Specie+CoreDataProperties.swift in Sources */ = {isa = PBXBuildFile; fileRef = C27E44CC292FAFA9009A3101 /* Specie+CoreDataProperties.swift */; };
		C27E44DA292FAFA9009A3101 /* Starship+CoreDataClass.swift in Sources */ = {isa = PBXBuildFile; fileRef = C27E44CE292FAFA9009A3101 /* Starship+CoreDataClass.swift */; };
		C27E44DB292FAFA9009A3101 /* Planet+CoreDataClass.swift in Sources */ = {isa = PBXBuildFile; fileRef = C27E44CF292FAFA9009A3101 /* Planet+CoreDataClass.swift */; };
		C2C2B0FB292EC95900C12EE8 /* CoreDataManager.swift in Sources */ = {isa = PBXBuildFile; fileRef = C2C2B0FA292EC95900C12EE8 /* CoreDataManager.swift */; };
		C2C2B115292ED15500C12EE8 /* NetworkManager.swift in Sources */ = {isa = PBXBuildFile; fileRef = C2C2B114292ED15500C12EE8 /* NetworkManager.swift */; };
		C2C2B117292ED20100C12EE8 /* MovieManagerNetwork.swift in Sources */ = {isa = PBXBuildFile; fileRef = C2C2B116292ED20100C12EE8 /* MovieManagerNetwork.swift */; };
		C2C2B119292ED20B00C12EE8 /* MoviesList.swift in Sources */ = {isa = PBXBuildFile; fileRef = C2C2B118292ED20B00C12EE8 /* MoviesList.swift */; };
		C2C2B11B292EDB9500C12EE8 /* MovieManagerLocal.swift in Sources */ = {isa = PBXBuildFile; fileRef = C2C2B11A292EDB9500C12EE8 /* MovieManagerLocal.swift */; };
		C2C2B11E292EE0BD00C12EE8 /* MovieManager.swift in Sources */ = {isa = PBXBuildFile; fileRef = C2C2B11D292EE0BD00C12EE8 /* MovieManager.swift */; };
		C2DBA50329384D2B0003116D /* Reachability.swift in Sources */ = {isa = PBXBuildFile; fileRef = C2DBA50229384D2B0003116D /* Reachability.swift */; };
		C2DBA5052938504D0003116D /* AppCoordinator.swift in Sources */ = {isa = PBXBuildFile; fileRef = C2DBA5042938504D0003116D /* AppCoordinator.swift */; };
		CE8FECD529350DCB00132D0C /* MovieDetailViewController.swift in Sources */ = {isa = PBXBuildFile; fileRef = CE8FECD229350DCB00132D0C /* MovieDetailViewController.swift */; };
		CE8FECD629350DCB00132D0C /* MovieDetailViewController.xib in Resources */ = {isa = PBXBuildFile; fileRef = CE8FECD329350DCB00132D0C /* MovieDetailViewController.xib */; };
		CE8FECDD2935432D00132D0C /* TabCollectionViewCell.swift in Sources */ = {isa = PBXBuildFile; fileRef = CE8FECDB2935432D00132D0C /* TabCollectionViewCell.swift */; };
		CE8FECDE2935432D00132D0C /* TabCollectionViewCell.xib in Resources */ = {isa = PBXBuildFile; fileRef = CE8FECDC2935432D00132D0C /* TabCollectionViewCell.xib */; };
		CE90DE4829380B3900853B36 /* CharacterViewController.swift in Sources */ = {isa = PBXBuildFile; fileRef = CE90DE4629380B3900853B36 /* CharacterViewController.swift */; };
		CE90DE4929380B3900853B36 /* CharacterViewController.xib in Resources */ = {isa = PBXBuildFile; fileRef = CE90DE4729380B3900853B36 /* CharacterViewController.xib */; };
		CE90DE4E29380CC600853B36 /* PlanetViewController.swift in Sources */ = {isa = PBXBuildFile; fileRef = CE90DE4C29380CC600853B36 /* PlanetViewController.swift */; };
		CE90DE4F29380CC600853B36 /* PlanetViewController.xib in Resources */ = {isa = PBXBuildFile; fileRef = CE90DE4D29380CC600853B36 /* PlanetViewController.xib */; };
		CE90DE5229380DB600853B36 /* PlanetTableViewCell.swift in Sources */ = {isa = PBXBuildFile; fileRef = CE90DE5029380DB600853B36 /* PlanetTableViewCell.swift */; };
		CE90DE5329380DB600853B36 /* PlanetTableViewCell.xib in Resources */ = {isa = PBXBuildFile; fileRef = CE90DE5129380DB600853B36 /* PlanetTableViewCell.xib */; };
		CE90DE57293810FF00853B36 /* PlanetResponse.swift in Sources */ = {isa = PBXBuildFile; fileRef = CE90DE56293810FF00853B36 /* PlanetResponse.swift */; };
		CE94075A293E41160034B37E /* VehiclesResponse.swift in Sources */ = {isa = PBXBuildFile; fileRef = CE940759293E41160034B37E /* VehiclesResponse.swift */; };
		CE940764293E47F30034B37E /* VehicleViewController.swift in Sources */ = {isa = PBXBuildFile; fileRef = CE940762293E47F30034B37E /* VehicleViewController.swift */; };
		CE940765293E47F30034B37E /* VehicleViewController.xib in Resources */ = {isa = PBXBuildFile; fileRef = CE940763293E47F30034B37E /* VehicleViewController.xib */; };
		CE940768293E48BD0034B37E /* VehicleTableViewCell.swift in Sources */ = {isa = PBXBuildFile; fileRef = CE940766293E48BD0034B37E /* VehicleTableViewCell.swift */; };
		CE940769293E48BD0034B37E /* VehicleTableViewCell.xib in Resources */ = {isa = PBXBuildFile; fileRef = CE940767293E48BD0034B37E /* VehicleTableViewCell.xib */; };
		CEB8FAD02935AA84002B08DC /* SharedFunctions.swift in Sources */ = {isa = PBXBuildFile; fileRef = CEB8FACF2935AA84002B08DC /* SharedFunctions.swift */; };
		CEE5BFA6293A48EC00BBC798 /* SpecieTableViewCell.swift in Sources */ = {isa = PBXBuildFile; fileRef = CEE5BFA4293A48EC00BBC798 /* SpecieTableViewCell.swift */; };
		CEE5BFA7293A48EC00BBC798 /* SpecieTableViewCell.xib in Resources */ = {isa = PBXBuildFile; fileRef = CEE5BFA5293A48EC00BBC798 /* SpecieTableViewCell.xib */; };
		CEE5BFAA293A4C0900BBC798 /* SpecieViewController.swift in Sources */ = {isa = PBXBuildFile; fileRef = CEE5BFA8293A4C0900BBC798 /* SpecieViewController.swift */; };
		CEE5BFAB293A4C0900BBC798 /* SpecieViewController.xib in Resources */ = {isa = PBXBuildFile; fileRef = CEE5BFA9293A4C0900BBC798 /* SpecieViewController.xib */; };
		CEE5BFB1293A4EDF00BBC798 /* SpecieResponse.swift in Sources */ = {isa = PBXBuildFile; fileRef = CEE5BFB0293A4EDF00BBC798 /* SpecieResponse.swift */; };
/* End PBXBuildFile section */

/* Begin PBXContainerItemProxy section */
		846D3088292CF93A006FC25F /* PBXContainerItemProxy */ = {
			isa = PBXContainerItemProxy;
			containerPortal = 846D3066292CF938006FC25F /* Project object */;
			proxyType = 1;
			remoteGlobalIDString = 846D306D292CF938006FC25F;
			remoteInfo = "StarWars-iOS";
		};
/* End PBXContainerItemProxy section */

/* Begin PBXFileReference section */
		08886A6AB34ACB2B1BB4BD65 /* Pods-StarWars-iOS.debug.xcconfig */ = {isa = PBXFileReference; includeInIndex = 1; lastKnownFileType = text.xcconfig; name = "Pods-StarWars-iOS.debug.xcconfig"; path = "Target Support Files/Pods-StarWars-iOS/Pods-StarWars-iOS.debug.xcconfig"; sourceTree = "<group>"; };
		0BA354F9762C0C682E931BE4 /* Pods_StarWars_iOS.framework */ = {isa = PBXFileReference; explicitFileType = wrapper.framework; includeInIndex = 0; path = Pods_StarWars_iOS.framework; sourceTree = BUILT_PRODUCTS_DIR; };
		1083C230B5F31BCFAD10A0C2 /* Pods_StarWars_iOSTests.framework */ = {isa = PBXFileReference; explicitFileType = wrapper.framework; includeInIndex = 0; path = Pods_StarWars_iOSTests.framework; sourceTree = BUILT_PRODUCTS_DIR; };
		1813D08E283150CE5DA4FD54 /* Pods-StarWars-iOSTests.release.xcconfig */ = {isa = PBXFileReference; includeInIndex = 1; lastKnownFileType = text.xcconfig; name = "Pods-StarWars-iOSTests.release.xcconfig"; path = "Target Support Files/Pods-StarWars-iOSTests/Pods-StarWars-iOSTests.release.xcconfig"; sourceTree = "<group>"; };
		1818D58A49BD23BB47F84606 /* Pods-StarWars-iOSTests.debug.xcconfig */ = {isa = PBXFileReference; includeInIndex = 1; lastKnownFileType = text.xcconfig; name = "Pods-StarWars-iOSTests.debug.xcconfig"; path = "Target Support Files/Pods-StarWars-iOSTests/Pods-StarWars-iOSTests.debug.xcconfig"; sourceTree = "<group>"; };
		6DFE30269A9BD82CCBD0B4C9 /* Pods-StarWars-iOS.release.xcconfig */ = {isa = PBXFileReference; includeInIndex = 1; lastKnownFileType = text.xcconfig; name = "Pods-StarWars-iOS.release.xcconfig"; path = "Target Support Files/Pods-StarWars-iOS/Pods-StarWars-iOS.release.xcconfig"; sourceTree = "<group>"; };
		846D306E292CF938006FC25F /* StarWars-iOS.app */ = {isa = PBXFileReference; explicitFileType = wrapper.application; includeInIndex = 0; path = "StarWars-iOS.app"; sourceTree = BUILT_PRODUCTS_DIR; };
		846D3071292CF938006FC25F /* AppDelegate.swift */ = {isa = PBXFileReference; lastKnownFileType = sourcecode.swift; path = AppDelegate.swift; sourceTree = "<group>"; };
		846D3073292CF938006FC25F /* SceneDelegate.swift */ = {isa = PBXFileReference; lastKnownFileType = sourcecode.swift; path = SceneDelegate.swift; sourceTree = "<group>"; };
		846D3075292CF938006FC25F /* ViewController.swift */ = {isa = PBXFileReference; lastKnownFileType = sourcecode.swift; path = ViewController.swift; sourceTree = "<group>"; };
		846D3078292CF938006FC25F /* Base */ = {isa = PBXFileReference; lastKnownFileType = file.storyboard; name = Base; path = Base.lproj/Main.storyboard; sourceTree = "<group>"; };
		846D307B292CF938006FC25F /* StarWars_iOS.xcdatamodel */ = {isa = PBXFileReference; lastKnownFileType = wrapper.xcdatamodel; path = StarWars_iOS.xcdatamodel; sourceTree = "<group>"; };
		846D307D292CF93A006FC25F /* Assets.xcassets */ = {isa = PBXFileReference; lastKnownFileType = folder.assetcatalog; path = Assets.xcassets; sourceTree = "<group>"; };
		846D3080292CF93A006FC25F /* Base */ = {isa = PBXFileReference; lastKnownFileType = file.storyboard; name = Base; path = Base.lproj/LaunchScreen.storyboard; sourceTree = "<group>"; };
		846D3082292CF93A006FC25F /* Info.plist */ = {isa = PBXFileReference; lastKnownFileType = text.plist.xml; path = Info.plist; sourceTree = "<group>"; };
		846D3087292CF93A006FC25F /* StarWars-iOSTests.xctest */ = {isa = PBXFileReference; explicitFileType = wrapper.cfbundle; includeInIndex = 0; path = "StarWars-iOSTests.xctest"; sourceTree = BUILT_PRODUCTS_DIR; };
		846D308B292CF93A006FC25F /* StarWars_iOSTests.swift */ = {isa = PBXFileReference; lastKnownFileType = sourcecode.swift; path = StarWars_iOSTests.swift; sourceTree = "<group>"; };
		846D30AD292D022A006FC25F /* HomeViewController.swift */ = {isa = PBXFileReference; lastKnownFileType = sourcecode.swift; path = HomeViewController.swift; sourceTree = "<group>"; };
		846D30AE292D022A006FC25F /* HomeViewController.xib */ = {isa = PBXFileReference; lastKnownFileType = file.xib; path = HomeViewController.xib; sourceTree = "<group>"; };
		846D30B1292D027F006FC25F /* HomeViewModel.swift */ = {isa = PBXFileReference; lastKnownFileType = sourcecode.swift; path = HomeViewModel.swift; sourceTree = "<group>"; };
		9348140E293EB7D7003A9462 /* ShipViewController.swift */ = {isa = PBXFileReference; lastKnownFileType = sourcecode.swift; path = ShipViewController.swift; sourceTree = "<group>"; };
		9348140F293EB7D7003A9462 /* ShipViewController.xib */ = {isa = PBXFileReference; lastKnownFileType = file.xib; path = ShipViewController.xib; sourceTree = "<group>"; };
		93481416293EB8B1003A9462 /* ShipTableViewCell.swift */ = {isa = PBXFileReference; lastKnownFileType = sourcecode.swift; path = ShipTableViewCell.swift; sourceTree = "<group>"; };
		93481417293EB8B1003A9462 /* ShipTableViewCell.xib */ = {isa = PBXFileReference; lastKnownFileType = file.xib; path = ShipTableViewCell.xib; sourceTree = "<group>"; };
		9348141A293EBA6D003A9462 /* StarshipResponse.swift */ = {isa = PBXFileReference; lastKnownFileType = sourcecode.swift; path = StarshipResponse.swift; sourceTree = "<group>"; };
		93CAE1AD293A907A006E14E4 /* NibWrapperView.swift */ = {isa = PBXFileReference; lastKnownFileType = sourcecode.swift; path = NibWrapperView.swift; sourceTree = "<group>"; };
		93CAE1AF293A9276006E14E4 /* NibWrapped.swift */ = {isa = PBXFileReference; lastKnownFileType = sourcecode.swift; path = NibWrapped.swift; sourceTree = "<group>"; };
		93D1AA692930FF0C00DC9DA6 /* es-419 */ = {isa = PBXFileReference; lastKnownFileType = text.plist.strings; name = "es-419"; path = "es-419.lproj/LaunchScreen.strings"; sourceTree = "<group>"; };
		93D1AA6E293104FB00DC9DA6 /* es-419 */ = {isa = PBXFileReference; lastKnownFileType = text.plist.strings; name = "es-419"; path = "es-419.lproj/Localizable.strings"; sourceTree = "<group>"; };
		93D1AA70293104FF00DC9DA6 /* en */ = {isa = PBXFileReference; lastKnownFileType = text.plist.strings; name = en; path = en.lproj/Localizable.strings; sourceTree = "<group>"; };
		93D1AA71293116A500DC9DA6 /* StringConstants.swift */ = {isa = PBXFileReference; lastKnownFileType = sourcecode.swift; path = StringConstants.swift; sourceTree = "<group>"; };
		93D1AA742931181300DC9DA6 /* ViewModel.swift */ = {isa = PBXFileReference; lastKnownFileType = sourcecode.swift; path = ViewModel.swift; sourceTree = "<group>"; };
		93D1AA7729311CB900DC9DA6 /* MovieCollectionViewCell.swift */ = {isa = PBXFileReference; lastKnownFileType = sourcecode.swift; path = MovieCollectionViewCell.swift; sourceTree = "<group>"; };
		93D1AA7829311CB900DC9DA6 /* MovieCollectionViewCell.xib */ = {isa = PBXFileReference; lastKnownFileType = file.xib; path = MovieCollectionViewCell.xib; sourceTree = "<group>"; };
		93D1AA7B29316C6700DC9DA6 /* DateExtension.swift */ = {isa = PBXFileReference; lastKnownFileType = sourcecode.swift; path = DateExtension.swift; sourceTree = "<group>"; };
		93F0A4EA293A62C3009444FA /* ErrorReusableView.swift */ = {isa = PBXFileReference; lastKnownFileType = sourcecode.swift; path = ErrorReusableView.swift; sourceTree = "<group>"; };
		93F0A4EC293A62E4009444FA /* ErrorReusableView.xib */ = {isa = PBXFileReference; lastKnownFileType = file.xib; path = ErrorReusableView.xib; sourceTree = "<group>"; };
		93F0A4EE293A63D0009444FA /* UIViewExtension.swift */ = {isa = PBXFileReference; lastKnownFileType = sourcecode.swift; path = UIViewExtension.swift; sourceTree = "<group>"; };
		93FF5615293D9A31006A3691 /* EntitiesSearchResult.swift */ = {isa = PBXFileReference; lastKnownFileType = sourcecode.swift; path = EntitiesSearchResult.swift; sourceTree = "<group>"; };
		C261FDE62936DB6C00BE21CF /* Character+CoreDataClass.swift */ = {isa = PBXFileReference; fileEncoding = 4; lastKnownFileType = sourcecode.swift; path = "Character+CoreDataClass.swift"; sourceTree = "<group>"; };
		C261FDE72936DB6C00BE21CF /* Character+CoreDataProperties.swift */ = {isa = PBXFileReference; fileEncoding = 4; lastKnownFileType = sourcecode.swift; path = "Character+CoreDataProperties.swift"; sourceTree = "<group>"; };
		C261FDEE293706B300BE21CF /* CharacterTableViewCell.swift */ = {isa = PBXFileReference; lastKnownFileType = sourcecode.swift; path = CharacterTableViewCell.swift; sourceTree = "<group>"; };
		C261FDEF293706B300BE21CF /* CharacterTableViewCell.xib */ = {isa = PBXFileReference; lastKnownFileType = file.xib; path = CharacterTableViewCell.xib; sourceTree = "<group>"; };
		C26A7CD129379E910092AA62 /* Movie+CoreDataClass.swift */ = {isa = PBXFileReference; lastKnownFileType = sourcecode.swift; path = "Movie+CoreDataClass.swift"; sourceTree = "<group>"; };
		C26A7CD229379E910092AA62 /* Movie+CoreDataProperties.swift */ = {isa = PBXFileReference; lastKnownFileType = sourcecode.swift; path = "Movie+CoreDataProperties.swift"; sourceTree = "<group>"; };
		C26EB30629357EDC006D4AC0 /* DetailManagerNetwork.swift */ = {isa = PBXFileReference; lastKnownFileType = sourcecode.swift; path = DetailManagerNetwork.swift; sourceTree = "<group>"; };
		C26EB30829358608006D4AC0 /* DetailManagerLocal.swift */ = {isa = PBXFileReference; lastKnownFileType = sourcecode.swift; path = DetailManagerLocal.swift; sourceTree = "<group>"; };
		C26EB30A29358D84006D4AC0 /* DetailManager.swift */ = {isa = PBXFileReference; lastKnownFileType = sourcecode.swift; path = DetailManager.swift; sourceTree = "<group>"; };
		C26EB30C29358EC0006D4AC0 /* CharacterResponse.swift */ = {isa = PBXFileReference; lastKnownFileType = sourcecode.swift; path = CharacterResponse.swift; sourceTree = "<group>"; };
		C26EB30F293599C1006D4AC0 /* MovieDetailViewModel.swift */ = {isa = PBXFileReference; lastKnownFileType = sourcecode.swift; path = MovieDetailViewModel.swift; sourceTree = "<group>"; };
		C27E44C5292FAFA9009A3101 /* Starship+CoreDataProperties.swift */ = {isa = PBXFileReference; fileEncoding = 4; lastKnownFileType = sourcecode.swift; path = "Starship+CoreDataProperties.swift"; sourceTree = "<group>"; };
		C27E44C6292FAFA9009A3101 /* Planet+CoreDataProperties.swift */ = {isa = PBXFileReference; fileEncoding = 4; lastKnownFileType = sourcecode.swift; path = "Planet+CoreDataProperties.swift"; sourceTree = "<group>"; };
		C27E44C7292FAFA9009A3101 /* Vehicle+CoreDataClass.swift */ = {isa = PBXFileReference; fileEncoding = 4; lastKnownFileType = sourcecode.swift; path = "Vehicle+CoreDataClass.swift"; sourceTree = "<group>"; };
		C27E44C8292FAFA9009A3101 /* Specie+CoreDataClass.swift */ = {isa = PBXFileReference; fileEncoding = 4; lastKnownFileType = sourcecode.swift; path = "Specie+CoreDataClass.swift"; sourceTree = "<group>"; };
		C27E44C9292FAFA9009A3101 /* Vehicle+CoreDataProperties.swift */ = {isa = PBXFileReference; fileEncoding = 4; lastKnownFileType = sourcecode.swift; path = "Vehicle+CoreDataProperties.swift"; sourceTree = "<group>"; };
		C27E44CC292FAFA9009A3101 /* Specie+CoreDataProperties.swift */ = {isa = PBXFileReference; fileEncoding = 4; lastKnownFileType = sourcecode.swift; path = "Specie+CoreDataProperties.swift"; sourceTree = "<group>"; };
		C27E44CE292FAFA9009A3101 /* Starship+CoreDataClass.swift */ = {isa = PBXFileReference; fileEncoding = 4; lastKnownFileType = sourcecode.swift; path = "Starship+CoreDataClass.swift"; sourceTree = "<group>"; };
		C27E44CF292FAFA9009A3101 /* Planet+CoreDataClass.swift */ = {isa = PBXFileReference; fileEncoding = 4; lastKnownFileType = sourcecode.swift; path = "Planet+CoreDataClass.swift"; sourceTree = "<group>"; };
		C2C2B0FA292EC95900C12EE8 /* CoreDataManager.swift */ = {isa = PBXFileReference; lastKnownFileType = sourcecode.swift; path = CoreDataManager.swift; sourceTree = "<group>"; };
		C2C2B114292ED15500C12EE8 /* NetworkManager.swift */ = {isa = PBXFileReference; lastKnownFileType = sourcecode.swift; path = NetworkManager.swift; sourceTree = "<group>"; };
		C2C2B116292ED20100C12EE8 /* MovieManagerNetwork.swift */ = {isa = PBXFileReference; lastKnownFileType = sourcecode.swift; path = MovieManagerNetwork.swift; sourceTree = "<group>"; };
		C2C2B118292ED20B00C12EE8 /* MoviesList.swift */ = {isa = PBXFileReference; lastKnownFileType = sourcecode.swift; path = MoviesList.swift; sourceTree = "<group>"; };
		C2C2B11A292EDB9500C12EE8 /* MovieManagerLocal.swift */ = {isa = PBXFileReference; lastKnownFileType = sourcecode.swift; path = MovieManagerLocal.swift; sourceTree = "<group>"; };
		C2C2B11D292EE0BD00C12EE8 /* MovieManager.swift */ = {isa = PBXFileReference; lastKnownFileType = sourcecode.swift; path = MovieManager.swift; sourceTree = "<group>"; };
		C2DBA50229384D2B0003116D /* Reachability.swift */ = {isa = PBXFileReference; lastKnownFileType = sourcecode.swift; path = Reachability.swift; sourceTree = "<group>"; };
		C2DBA5042938504D0003116D /* AppCoordinator.swift */ = {isa = PBXFileReference; lastKnownFileType = sourcecode.swift; path = AppCoordinator.swift; sourceTree = "<group>"; };
		CE8FECD229350DCB00132D0C /* MovieDetailViewController.swift */ = {isa = PBXFileReference; fileEncoding = 4; lastKnownFileType = sourcecode.swift; path = MovieDetailViewController.swift; sourceTree = "<group>"; };
		CE8FECD329350DCB00132D0C /* MovieDetailViewController.xib */ = {isa = PBXFileReference; fileEncoding = 4; lastKnownFileType = file.xib; path = MovieDetailViewController.xib; sourceTree = "<group>"; };
		CE8FECDB2935432D00132D0C /* TabCollectionViewCell.swift */ = {isa = PBXFileReference; lastKnownFileType = sourcecode.swift; path = TabCollectionViewCell.swift; sourceTree = "<group>"; };
		CE8FECDC2935432D00132D0C /* TabCollectionViewCell.xib */ = {isa = PBXFileReference; lastKnownFileType = file.xib; path = TabCollectionViewCell.xib; sourceTree = "<group>"; };
		CE90DE4629380B3900853B36 /* CharacterViewController.swift */ = {isa = PBXFileReference; lastKnownFileType = sourcecode.swift; path = CharacterViewController.swift; sourceTree = "<group>"; };
		CE90DE4729380B3900853B36 /* CharacterViewController.xib */ = {isa = PBXFileReference; lastKnownFileType = file.xib; path = CharacterViewController.xib; sourceTree = "<group>"; };
		CE90DE4C29380CC600853B36 /* PlanetViewController.swift */ = {isa = PBXFileReference; lastKnownFileType = sourcecode.swift; path = PlanetViewController.swift; sourceTree = "<group>"; };
		CE90DE4D29380CC600853B36 /* PlanetViewController.xib */ = {isa = PBXFileReference; lastKnownFileType = file.xib; path = PlanetViewController.xib; sourceTree = "<group>"; };
		CE90DE5029380DB600853B36 /* PlanetTableViewCell.swift */ = {isa = PBXFileReference; lastKnownFileType = sourcecode.swift; path = PlanetTableViewCell.swift; sourceTree = "<group>"; };
		CE90DE5129380DB600853B36 /* PlanetTableViewCell.xib */ = {isa = PBXFileReference; lastKnownFileType = file.xib; path = PlanetTableViewCell.xib; sourceTree = "<group>"; };
		CE90DE56293810FF00853B36 /* PlanetResponse.swift */ = {isa = PBXFileReference; lastKnownFileType = sourcecode.swift; path = PlanetResponse.swift; sourceTree = "<group>"; };
		CE940759293E41160034B37E /* VehiclesResponse.swift */ = {isa = PBXFileReference; lastKnownFileType = sourcecode.swift; path = VehiclesResponse.swift; sourceTree = "<group>"; };
		CE940762293E47F30034B37E /* VehicleViewController.swift */ = {isa = PBXFileReference; lastKnownFileType = sourcecode.swift; path = VehicleViewController.swift; sourceTree = "<group>"; };
		CE940763293E47F30034B37E /* VehicleViewController.xib */ = {isa = PBXFileReference; lastKnownFileType = file.xib; path = VehicleViewController.xib; sourceTree = "<group>"; };
		CE940766293E48BD0034B37E /* VehicleTableViewCell.swift */ = {isa = PBXFileReference; lastKnownFileType = sourcecode.swift; path = VehicleTableViewCell.swift; sourceTree = "<group>"; };
		CE940767293E48BD0034B37E /* VehicleTableViewCell.xib */ = {isa = PBXFileReference; lastKnownFileType = file.xib; path = VehicleTableViewCell.xib; sourceTree = "<group>"; };
		CEB8FACF2935AA84002B08DC /* SharedFunctions.swift */ = {isa = PBXFileReference; lastKnownFileType = sourcecode.swift; path = SharedFunctions.swift; sourceTree = "<group>"; };
		CEE5BFA4293A48EC00BBC798 /* SpecieTableViewCell.swift */ = {isa = PBXFileReference; lastKnownFileType = sourcecode.swift; path = SpecieTableViewCell.swift; sourceTree = "<group>"; };
		CEE5BFA5293A48EC00BBC798 /* SpecieTableViewCell.xib */ = {isa = PBXFileReference; lastKnownFileType = file.xib; path = SpecieTableViewCell.xib; sourceTree = "<group>"; };
		CEE5BFA8293A4C0900BBC798 /* SpecieViewController.swift */ = {isa = PBXFileReference; lastKnownFileType = sourcecode.swift; path = SpecieViewController.swift; sourceTree = "<group>"; };
		CEE5BFA9293A4C0900BBC798 /* SpecieViewController.xib */ = {isa = PBXFileReference; lastKnownFileType = file.xib; path = SpecieViewController.xib; sourceTree = "<group>"; };
		CEE5BFB0293A4EDF00BBC798 /* SpecieResponse.swift */ = {isa = PBXFileReference; lastKnownFileType = sourcecode.swift; path = SpecieResponse.swift; sourceTree = "<group>"; };
/* End PBXFileReference section */

/* Begin PBXFrameworksBuildPhase section */
		846D306B292CF938006FC25F /* Frameworks */ = {
			isa = PBXFrameworksBuildPhase;
			buildActionMask = 2147483647;
			files = (
				99BDDBA322881CC674276128 /* Pods_StarWars_iOS.framework in Frameworks */,
			);
			runOnlyForDeploymentPostprocessing = 0;
		};
		846D3084292CF93A006FC25F /* Frameworks */ = {
			isa = PBXFrameworksBuildPhase;
			buildActionMask = 2147483647;
			files = (
				4F991DD95C489A91685C12CB /* Pods_StarWars_iOSTests.framework in Frameworks */,
			);
			runOnlyForDeploymentPostprocessing = 0;
		};
/* End PBXFrameworksBuildPhase section */

/* Begin PBXGroup section */
		4A4E6F4545E19E0B1D44B672 /* Pods */ = {
			isa = PBXGroup;
			children = (
				08886A6AB34ACB2B1BB4BD65 /* Pods-StarWars-iOS.debug.xcconfig */,
				6DFE30269A9BD82CCBD0B4C9 /* Pods-StarWars-iOS.release.xcconfig */,
				1818D58A49BD23BB47F84606 /* Pods-StarWars-iOSTests.debug.xcconfig */,
				1813D08E283150CE5DA4FD54 /* Pods-StarWars-iOSTests.release.xcconfig */,
			);
			path = Pods;
			sourceTree = "<group>";
		};
		7D668F33AD2D49F35DF50499 /* Frameworks */ = {
			isa = PBXGroup;
			children = (
				0BA354F9762C0C682E931BE4 /* Pods_StarWars_iOS.framework */,
				1083C230B5F31BCFAD10A0C2 /* Pods_StarWars_iOSTests.framework */,
			);
			name = Frameworks;
			sourceTree = "<group>";
		};
		846D3065292CF938006FC25F = {
			isa = PBXGroup;
			children = (
				846D3070292CF938006FC25F /* StarWars-iOS */,
				846D308A292CF93A006FC25F /* StarWars-iOSTests */,
				846D306F292CF938006FC25F /* Products */,
				4A4E6F4545E19E0B1D44B672 /* Pods */,
				7D668F33AD2D49F35DF50499 /* Frameworks */,
				93D1F810293E984600F3607B /* Recovered References */,
			);
			sourceTree = "<group>";
		};
		846D306F292CF938006FC25F /* Products */ = {
			isa = PBXGroup;
			children = (
				846D306E292CF938006FC25F /* StarWars-iOS.app */,
				846D3087292CF93A006FC25F /* StarWars-iOSTests.xctest */,
			);
			name = Products;
			sourceTree = "<group>";
		};
		846D3070292CF938006FC25F /* StarWars-iOS */ = {
			isa = PBXGroup;
			children = (
				93D1AA732931180100DC9DA6 /* helpers */,
				93D1AA6F293104FB00DC9DA6 /* Localizable.strings */,
				846D30D2292D09EF006FC25F /* utils */,
				846D30C7292D0880006FC25F /* repository */,
				846D30A7292CFF9C006FC25F /* modules */,
				846D3071292CF938006FC25F /* AppDelegate.swift */,
				846D3073292CF938006FC25F /* SceneDelegate.swift */,
				846D3075292CF938006FC25F /* ViewController.swift */,
				846D3077292CF938006FC25F /* Main.storyboard */,
				846D307D292CF93A006FC25F /* Assets.xcassets */,
				846D307F292CF93A006FC25F /* LaunchScreen.storyboard */,
				846D3082292CF93A006FC25F /* Info.plist */,
				846D307A292CF938006FC25F /* StarWars_iOS.xcdatamodeld */,
			);
			path = "StarWars-iOS";
			sourceTree = "<group>";
		};
		846D308A292CF93A006FC25F /* StarWars-iOSTests */ = {
			isa = PBXGroup;
			children = (
				846D308B292CF93A006FC25F /* StarWars_iOSTests.swift */,
			);
			path = "StarWars-iOSTests";
			sourceTree = "<group>";
		};
		846D30A7292CFF9C006FC25F /* modules */ = {
			isa = PBXGroup;
			children = (
				93F0A4E9293A6256009444FA /* errorReusableView */,
				CE8FECCF29350DCB00132D0C /* moviedetail */,
				846D30A8292D01B7006FC25F /* home */,
			);
			path = modules;
			sourceTree = "<group>";
		};
		846D30A8292D01B7006FC25F /* home */ = {
			isa = PBXGroup;
			children = (
				93D1AA7629311C7800DC9DA6 /* views */,
				846D30AC292D01FE006FC25F /* viewmodels */,
				846D30AA292D01EE006FC25F /* controllers */,
			);
			path = home;
			sourceTree = "<group>";
		};
		846D30AA292D01EE006FC25F /* controllers */ = {
			isa = PBXGroup;
			children = (
				846D30AD292D022A006FC25F /* HomeViewController.swift */,
				846D30AE292D022A006FC25F /* HomeViewController.xib */,
			);
			path = controllers;
			sourceTree = "<group>";
		};
		846D30AC292D01FE006FC25F /* viewmodels */ = {
			isa = PBXGroup;
			children = (
				846D30B1292D027F006FC25F /* HomeViewModel.swift */,
			);
			path = viewmodels;
			sourceTree = "<group>";
		};
		846D30C7292D0880006FC25F /* repository */ = {
			isa = PBXGroup;
			children = (
				C2C2B11C292EE0B200C12EE8 /* sync */,
				846D30C9292D0899006FC25F /* network */,
				846D30C8292D0890006FC25F /* local */,
			);
			path = repository;
			sourceTree = "<group>";
		};
		846D30C8292D0890006FC25F /* local */ = {
			isa = PBXGroup;
			children = (
				846D30D1292D09C1006FC25F /* managers */,
				846D30D0292D09B2006FC25F /* models */,
			);
			path = local;
			sourceTree = "<group>";
		};
		846D30C9292D0899006FC25F /* network */ = {
			isa = PBXGroup;
			children = (
				846D30CB292D08BF006FC25F /* managers */,
				846D30CA292D08AE006FC25F /* models */,
			);
			path = network;
			sourceTree = "<group>";
		};
		846D30CA292D08AE006FC25F /* models */ = {
			isa = PBXGroup;
			children = (
				C2C2B118292ED20B00C12EE8 /* MoviesList.swift */,
				C26EB30C29358EC0006D4AC0 /* CharacterResponse.swift */,
				CE90DE56293810FF00853B36 /* PlanetResponse.swift */,
				CEE5BFB0293A4EDF00BBC798 /* SpecieResponse.swift */,
				9348141A293EBA6D003A9462 /* StarshipResponse.swift */,
				CE940759293E41160034B37E /* VehiclesResponse.swift */,
			);
			path = models;
			sourceTree = "<group>";
		};
		846D30CB292D08BF006FC25F /* managers */ = {
			isa = PBXGroup;
			children = (
				C2C2B114292ED15500C12EE8 /* NetworkManager.swift */,
				C2C2B116292ED20100C12EE8 /* MovieManagerNetwork.swift */,
				C26EB30629357EDC006D4AC0 /* DetailManagerNetwork.swift */,
			);
			path = managers;
			sourceTree = "<group>";
		};
		846D30D0292D09B2006FC25F /* models */ = {
			isa = PBXGroup;
			children = (
				C26A7CD129379E910092AA62 /* Movie+CoreDataClass.swift */,
				C26A7CD229379E910092AA62 /* Movie+CoreDataProperties.swift */,
				C261FDE62936DB6C00BE21CF /* Character+CoreDataClass.swift */,
				C261FDE72936DB6C00BE21CF /* Character+CoreDataProperties.swift */,
				C27E44CF292FAFA9009A3101 /* Planet+CoreDataClass.swift */,
				C27E44C6292FAFA9009A3101 /* Planet+CoreDataProperties.swift */,
				C27E44C8292FAFA9009A3101 /* Specie+CoreDataClass.swift */,
				C27E44CC292FAFA9009A3101 /* Specie+CoreDataProperties.swift */,
				C27E44CE292FAFA9009A3101 /* Starship+CoreDataClass.swift */,
				C27E44C5292FAFA9009A3101 /* Starship+CoreDataProperties.swift */,
				C27E44C7292FAFA9009A3101 /* Vehicle+CoreDataClass.swift */,
				C27E44C9292FAFA9009A3101 /* Vehicle+CoreDataProperties.swift */,
				93FF5615293D9A31006A3691 /* EntitiesSearchResult.swift */,
			);
			path = models;
			sourceTree = "<group>";
		};
		846D30D1292D09C1006FC25F /* managers */ = {
			isa = PBXGroup;
			children = (
				C2C2B0FA292EC95900C12EE8 /* CoreDataManager.swift */,
				C2C2B11A292EDB9500C12EE8 /* MovieManagerLocal.swift */,
				C26EB30829358608006D4AC0 /* DetailManagerLocal.swift */,
			);
			path = managers;
			sourceTree = "<group>";
		};
		846D30D2292D09EF006FC25F /* utils */ = {
			isa = PBXGroup;
			children = (
				93D1AA71293116A500DC9DA6 /* StringConstants.swift */,
				93D1AA7B29316C6700DC9DA6 /* DateExtension.swift */,
				CEB8FACF2935AA84002B08DC /* SharedFunctions.swift */,
				C2DBA50229384D2B0003116D /* Reachability.swift */,
				C2DBA5042938504D0003116D /* AppCoordinator.swift */,
				93F0A4EE293A63D0009444FA /* UIViewExtension.swift */,
			);
			path = utils;
			sourceTree = "<group>";
		};
		9348140D293EB7C3003A9462 /* ships */ = {
			isa = PBXGroup;
			children = (
				9348140E293EB7D7003A9462 /* ShipViewController.swift */,
				9348140F293EB7D7003A9462 /* ShipViewController.xib */,
				93481416293EB8B1003A9462 /* ShipTableViewCell.swift */,
				93481417293EB8B1003A9462 /* ShipTableViewCell.xib */,
			);
			path = ships;
			sourceTree = "<group>";
		};
		93D1AA732931180100DC9DA6 /* helpers */ = {
			isa = PBXGroup;
			children = (
				93D1AA742931181300DC9DA6 /* ViewModel.swift */,
				93CAE1AD293A907A006E14E4 /* NibWrapperView.swift */,
				93CAE1AF293A9276006E14E4 /* NibWrapped.swift */,
			);
			path = helpers;
			sourceTree = "<group>";
		};
		93D1AA7629311C7800DC9DA6 /* views */ = {
			isa = PBXGroup;
			children = (
				93D1AA7729311CB900DC9DA6 /* MovieCollectionViewCell.swift */,
				93D1AA7829311CB900DC9DA6 /* MovieCollectionViewCell.xib */,
			);
			path = views;
			sourceTree = "<group>";
		};
		93D1F810293E984600F3607B /* Recovered References */ = {
			isa = PBXGroup;
			children = (
				CEE5BFAE293A4E2B00BBC798 /* SpecieManagerNetwork.swift */,
				CEE5BFB2293A50ED00BBC798 /* SpecieManagerLocal.swift */,
				CEE5BFAC293A4D3000BBC798 /* SpecieManager.swift */,
			);
			name = "Recovered References";
			sourceTree = "<group>";
		};
		93F0A4E9293A6256009444FA /* errorReusableView */ = {
			isa = PBXGroup;
			children = (
				93F0A4EC293A62E4009444FA /* ErrorReusableView.xib */,
				93F0A4EA293A62C3009444FA /* ErrorReusableView.swift */,
			);
			path = errorReusableView;
			sourceTree = "<group>";
		};
		C26EB30E293599AF006D4AC0 /* viewmodels */ = {
			isa = PBXGroup;
			children = (
				C26EB30F293599C1006D4AC0 /* MovieDetailViewModel.swift */,
			);
			path = viewmodels;
			sourceTree = "<group>";
		};
		C2C2B11C292EE0B200C12EE8 /* sync */ = {
			isa = PBXGroup;
			children = (
				C2C2B11D292EE0BD00C12EE8 /* MovieManager.swift */,
				C26EB30A29358D84006D4AC0 /* DetailManager.swift */,
			);
			path = sync;
			sourceTree = "<group>";
		};
		CE8FECCF29350DCB00132D0C /* moviedetail */ = {
			isa = PBXGroup;
			children = (
				C26EB30E293599AF006D4AC0 /* viewmodels */,
				CE8FECD129350DCB00132D0C /* controllers */,
				CE8FECD429350DCB00132D0C /* views */,
			);
			path = moviedetail;
			sourceTree = "<group>";
		};
		CE8FECD129350DCB00132D0C /* controllers */ = {
			isa = PBXGroup;
			children = (
				CE8FECD229350DCB00132D0C /* MovieDetailViewController.swift */,
				CE8FECD329350DCB00132D0C /* MovieDetailViewController.xib */,
			);
			path = controllers;
			sourceTree = "<group>";
		};
		CE8FECD429350DCB00132D0C /* views */ = {
			isa = PBXGroup;
			children = (
				CE940761293E47740034B37E /* vehicles */,
				9348140D293EB7C3003A9462 /* ships */,
				CEE5BFA3293A48D000BBC798 /* species */,
				CE90DE4B29380CB500853B36 /* planets */,
				CE90DE4529380B1D00853B36 /* characters */,
				CE8FECDB2935432D00132D0C /* TabCollectionViewCell.swift */,
				CE8FECDC2935432D00132D0C /* TabCollectionViewCell.xib */,
			);
			path = views;
			sourceTree = "<group>";
		};
		CE90DE4529380B1D00853B36 /* characters */ = {
			isa = PBXGroup;
			children = (
				C261FDEE293706B300BE21CF /* CharacterTableViewCell.swift */,
				C261FDEF293706B300BE21CF /* CharacterTableViewCell.xib */,
				CE90DE4629380B3900853B36 /* CharacterViewController.swift */,
				CE90DE4729380B3900853B36 /* CharacterViewController.xib */,
			);
			path = characters;
			sourceTree = "<group>";
		};
		CE90DE4B29380CB500853B36 /* planets */ = {
			isa = PBXGroup;
			children = (
				CE90DE4C29380CC600853B36 /* PlanetViewController.swift */,
				CE90DE4D29380CC600853B36 /* PlanetViewController.xib */,
				CE90DE5029380DB600853B36 /* PlanetTableViewCell.swift */,
				CE90DE5129380DB600853B36 /* PlanetTableViewCell.xib */,
			);
			path = planets;
			sourceTree = "<group>";
		};
		CE940761293E47740034B37E /* vehicles */ = {
			isa = PBXGroup;
			children = (
				CE940762293E47F30034B37E /* VehicleViewController.swift */,
				CE940763293E47F30034B37E /* VehicleViewController.xib */,
				CE940766293E48BD0034B37E /* VehicleTableViewCell.swift */,
				CE940767293E48BD0034B37E /* VehicleTableViewCell.xib */,
			);
			path = vehicles;
			sourceTree = "<group>";
		};
		CEE5BFA3293A48D000BBC798 /* species */ = {
			isa = PBXGroup;
			children = (
				CEE5BFA4293A48EC00BBC798 /* SpecieTableViewCell.swift */,
				CEE5BFA5293A48EC00BBC798 /* SpecieTableViewCell.xib */,
				CEE5BFA8293A4C0900BBC798 /* SpecieViewController.swift */,
				CEE5BFA9293A4C0900BBC798 /* SpecieViewController.xib */,
			);
			path = species;
			sourceTree = "<group>";
		};
/* End PBXGroup section */

/* Begin PBXNativeTarget section */
		846D306D292CF938006FC25F /* StarWars-iOS */ = {
			isa = PBXNativeTarget;
			buildConfigurationList = 846D309B292CF93A006FC25F /* Build configuration list for PBXNativeTarget "StarWars-iOS" */;
			buildPhases = (
				9E71FC7BDD4F73D2BF1525FC /* [CP] Check Pods Manifest.lock */,
				846D30D4292D0E31006FC25F /* SwiftLint */,
				846D306A292CF938006FC25F /* Sources */,
				846D306B292CF938006FC25F /* Frameworks */,
				846D306C292CF938006FC25F /* Resources */,
				8DD47FBD0A68743F67CF2497 /* [CP] Embed Pods Frameworks */,
			);
			buildRules = (
			);
			dependencies = (
			);
			name = "StarWars-iOS";
			productName = "StarWars-iOS";
			productReference = 846D306E292CF938006FC25F /* StarWars-iOS.app */;
			productType = "com.apple.product-type.application";
		};
		846D3086292CF93A006FC25F /* StarWars-iOSTests */ = {
			isa = PBXNativeTarget;
			buildConfigurationList = 846D309E292CF93A006FC25F /* Build configuration list for PBXNativeTarget "StarWars-iOSTests" */;
			buildPhases = (
				71679BC2A854A3F9F86E2EE6 /* [CP] Check Pods Manifest.lock */,
				846D3083292CF93A006FC25F /* Sources */,
				846D3084292CF93A006FC25F /* Frameworks */,
				846D3085292CF93A006FC25F /* Resources */,
			);
			buildRules = (
			);
			dependencies = (
				846D3089292CF93A006FC25F /* PBXTargetDependency */,
			);
			name = "StarWars-iOSTests";
			productName = "StarWars-iOSTests";
			productReference = 846D3087292CF93A006FC25F /* StarWars-iOSTests.xctest */;
			productType = "com.apple.product-type.bundle.unit-test";
		};
/* End PBXNativeTarget section */

/* Begin PBXProject section */
		846D3066292CF938006FC25F /* Project object */ = {
			isa = PBXProject;
			attributes = {
				BuildIndependentTargetsInParallel = 1;
				LastSwiftUpdateCheck = 1340;
				LastUpgradeCheck = 1340;
				TargetAttributes = {
					846D306D292CF938006FC25F = {
						CreatedOnToolsVersion = 13.4.1;
					};
					846D3086292CF93A006FC25F = {
						CreatedOnToolsVersion = 13.4.1;
						TestTargetID = 846D306D292CF938006FC25F;
					};
				};
			};
			buildConfigurationList = 846D3069292CF938006FC25F /* Build configuration list for PBXProject "StarWars-iOS" */;
			compatibilityVersion = "Xcode 13.0";
			developmentRegion = en;
			hasScannedForEncodings = 0;
			knownRegions = (
				en,
				Base,
				"es-419",
			);
			mainGroup = 846D3065292CF938006FC25F;
			productRefGroup = 846D306F292CF938006FC25F /* Products */;
			projectDirPath = "";
			projectRoot = "";
			targets = (
				846D306D292CF938006FC25F /* StarWars-iOS */,
				846D3086292CF93A006FC25F /* StarWars-iOSTests */,
			);
		};
/* End PBXProject section */

/* Begin PBXResourcesBuildPhase section */
		846D306C292CF938006FC25F /* Resources */ = {
			isa = PBXResourcesBuildPhase;
			buildActionMask = 2147483647;
			files = (
				CE8FECDE2935432D00132D0C /* TabCollectionViewCell.xib in Resources */,
				CE8FECD629350DCB00132D0C /* MovieDetailViewController.xib in Resources */,
				CE940765293E47F30034B37E /* VehicleViewController.xib in Resources */,
				93D1AA6D293104FB00DC9DA6 /* Localizable.strings in Resources */,
				CEE5BFAB293A4C0900BBC798 /* SpecieViewController.xib in Resources */,
				C261FDF1293706B300BE21CF /* CharacterTableViewCell.xib in Resources */,
				93F0A4ED293A62E4009444FA /* ErrorReusableView.xib in Resources */,
				846D3081292CF93A006FC25F /* LaunchScreen.storyboard in Resources */,
				846D307E292CF93A006FC25F /* Assets.xcassets in Resources */,
				846D3079292CF938006FC25F /* Main.storyboard in Resources */,
				CE90DE5329380DB600853B36 /* PlanetTableViewCell.xib in Resources */,
				93481411293EB7D7003A9462 /* ShipViewController.xib in Resources */,
				CE90DE4F29380CC600853B36 /* PlanetViewController.xib in Resources */,
				846D30B0292D022A006FC25F /* HomeViewController.xib in Resources */,
				CE940769293E48BD0034B37E /* VehicleTableViewCell.xib in Resources */,
				CEE5BFA7293A48EC00BBC798 /* SpecieTableViewCell.xib in Resources */,
				CE90DE4929380B3900853B36 /* CharacterViewController.xib in Resources */,
				93481419293EB8B1003A9462 /* ShipTableViewCell.xib in Resources */,
				93D1AA7A29311CB900DC9DA6 /* MovieCollectionViewCell.xib in Resources */,
			);
			runOnlyForDeploymentPostprocessing = 0;
		};
		846D3085292CF93A006FC25F /* Resources */ = {
			isa = PBXResourcesBuildPhase;
			buildActionMask = 2147483647;
			files = (
			);
			runOnlyForDeploymentPostprocessing = 0;
		};
/* End PBXResourcesBuildPhase section */

/* Begin PBXShellScriptBuildPhase section */
		71679BC2A854A3F9F86E2EE6 /* [CP] Check Pods Manifest.lock */ = {
			isa = PBXShellScriptBuildPhase;
			buildActionMask = 2147483647;
			files = (
			);
			inputFileListPaths = (
			);
			inputPaths = (
				"${PODS_PODFILE_DIR_PATH}/Podfile.lock",
				"${PODS_ROOT}/Manifest.lock",
			);
			name = "[CP] Check Pods Manifest.lock";
			outputFileListPaths = (
			);
			outputPaths = (
				"$(DERIVED_FILE_DIR)/Pods-StarWars-iOSTests-checkManifestLockResult.txt",
			);
			runOnlyForDeploymentPostprocessing = 0;
			shellPath = /bin/sh;
			shellScript = "diff \"${PODS_PODFILE_DIR_PATH}/Podfile.lock\" \"${PODS_ROOT}/Manifest.lock\" > /dev/null\nif [ $? != 0 ] ; then\n    # print error to STDERR\n    echo \"error: The sandbox is not in sync with the Podfile.lock. Run 'pod install' or update your CocoaPods installation.\" >&2\n    exit 1\nfi\n# This output is used by Xcode 'outputs' to avoid re-running this script phase.\necho \"SUCCESS\" > \"${SCRIPT_OUTPUT_FILE_0}\"\n";
			showEnvVarsInLog = 0;
		};
		846D30D4292D0E31006FC25F /* SwiftLint */ = {
			isa = PBXShellScriptBuildPhase;
			alwaysOutOfDate = 1;
			buildActionMask = 2147483647;
			files = (
			);
			inputFileListPaths = (
			);
			inputPaths = (
			);
			name = SwiftLint;
			outputFileListPaths = (
			);
			outputPaths = (
			);
			runOnlyForDeploymentPostprocessing = 0;
			shellPath = /bin/sh;
			shellScript = "# Type a script or drag a script file from your workspace to insert its path.\n\"${PODS_ROOT}/SwiftLint/swiftlint\"\n";
		};
		8DD47FBD0A68743F67CF2497 /* [CP] Embed Pods Frameworks */ = {
			isa = PBXShellScriptBuildPhase;
			buildActionMask = 2147483647;
			files = (
			);
			inputFileListPaths = (
				"${PODS_ROOT}/Target Support Files/Pods-StarWars-iOS/Pods-StarWars-iOS-frameworks-${CONFIGURATION}-input-files.xcfilelist",
			);
			name = "[CP] Embed Pods Frameworks";
			outputFileListPaths = (
				"${PODS_ROOT}/Target Support Files/Pods-StarWars-iOS/Pods-StarWars-iOS-frameworks-${CONFIGURATION}-output-files.xcfilelist",
			);
			runOnlyForDeploymentPostprocessing = 0;
			shellPath = /bin/sh;
			shellScript = "\"${PODS_ROOT}/Target Support Files/Pods-StarWars-iOS/Pods-StarWars-iOS-frameworks.sh\"\n";
			showEnvVarsInLog = 0;
		};
		9E71FC7BDD4F73D2BF1525FC /* [CP] Check Pods Manifest.lock */ = {
			isa = PBXShellScriptBuildPhase;
			buildActionMask = 2147483647;
			files = (
			);
			inputFileListPaths = (
			);
			inputPaths = (
				"${PODS_PODFILE_DIR_PATH}/Podfile.lock",
				"${PODS_ROOT}/Manifest.lock",
			);
			name = "[CP] Check Pods Manifest.lock";
			outputFileListPaths = (
			);
			outputPaths = (
				"$(DERIVED_FILE_DIR)/Pods-StarWars-iOS-checkManifestLockResult.txt",
			);
			runOnlyForDeploymentPostprocessing = 0;
			shellPath = /bin/sh;
			shellScript = "diff \"${PODS_PODFILE_DIR_PATH}/Podfile.lock\" \"${PODS_ROOT}/Manifest.lock\" > /dev/null\nif [ $? != 0 ] ; then\n    # print error to STDERR\n    echo \"error: The sandbox is not in sync with the Podfile.lock. Run 'pod install' or update your CocoaPods installation.\" >&2\n    exit 1\nfi\n# This output is used by Xcode 'outputs' to avoid re-running this script phase.\necho \"SUCCESS\" > \"${SCRIPT_OUTPUT_FILE_0}\"\n";
			showEnvVarsInLog = 0;
		};
/* End PBXShellScriptBuildPhase section */

/* Begin PBXSourcesBuildPhase section */
		846D306A292CF938006FC25F /* Sources */ = {
			isa = PBXSourcesBuildPhase;
			buildActionMask = 2147483647;
			files = (
				93D1AA7C29316C6700DC9DA6 /* DateExtension.swift in Sources */,
				CE94075A293E41160034B37E /* VehiclesResponse.swift in Sources */,
				C26A7CD429379E910092AA62 /* Movie+CoreDataProperties.swift in Sources */,
				C2C2B11B292EDB9500C12EE8 /* MovieManagerLocal.swift in Sources */,
				CEB8FAD02935AA84002B08DC /* SharedFunctions.swift in Sources */,
				93481418293EB8B1003A9462 /* ShipTableViewCell.swift in Sources */,
				CE8FECDD2935432D00132D0C /* TabCollectionViewCell.swift in Sources */,
				C2DBA50329384D2B0003116D /* Reachability.swift in Sources */,
				93F0A4EF293A63D0009444FA /* UIViewExtension.swift in Sources */,
				C26A7CD329379E910092AA62 /* Movie+CoreDataClass.swift in Sources */,
				C261FDF0293706B300BE21CF /* CharacterTableViewCell.swift in Sources */,
				CEE5BFA6293A48EC00BBC798 /* SpecieTableViewCell.swift in Sources */,
				846D30AF292D022A006FC25F /* HomeViewController.swift in Sources */,
				C261FDE92936DB6C00BE21CF /* Character+CoreDataProperties.swift in Sources */,
				93F0A4EB293A62C3009444FA /* ErrorReusableView.swift in Sources */,
				9348141B293EBA6D003A9462 /* StarshipResponse.swift in Sources */,
				C27E44D4292FAFA9009A3101 /* Specie+CoreDataClass.swift in Sources */,
				C2C2B0FB292EC95900C12EE8 /* CoreDataManager.swift in Sources */,
				CE90DE57293810FF00853B36 /* PlanetResponse.swift in Sources */,
				846D30B2292D027F006FC25F /* HomeViewModel.swift in Sources */,
				CE940764293E47F30034B37E /* VehicleViewController.swift in Sources */,
				93D1AA752931181300DC9DA6 /* ViewModel.swift in Sources */,
				C26EB30929358608006D4AC0 /* DetailManagerLocal.swift in Sources */,
				C2DBA5052938504D0003116D /* AppCoordinator.swift in Sources */,
				846D3076292CF938006FC25F /* ViewController.swift in Sources */,
				93FF5616293D9A31006A3691 /* EntitiesSearchResult.swift in Sources */,
				93481410293EB7D7003A9462 /* ShipViewController.swift in Sources */,
				C2C2B115292ED15500C12EE8 /* NetworkManager.swift in Sources */,
				C27E44D3292FAFA9009A3101 /* Vehicle+CoreDataClass.swift in Sources */,
				CE90DE4829380B3900853B36 /* CharacterViewController.swift in Sources */,
				C27E44DA292FAFA9009A3101 /* Starship+CoreDataClass.swift in Sources */,
				C26EB30729357EDC006D4AC0 /* DetailManagerNetwork.swift in Sources */,
				CE90DE5229380DB600853B36 /* PlanetTableViewCell.swift in Sources */,
				C26EB30D29358EC0006D4AC0 /* CharacterResponse.swift in Sources */,
				846D3072292CF938006FC25F /* AppDelegate.swift in Sources */,
				CEE5BFAA293A4C0900BBC798 /* SpecieViewController.swift in Sources */,
				C27E44D8292FAFA9009A3101 /* Specie+CoreDataProperties.swift in Sources */,
				C27E44D2292FAFA9009A3101 /* Planet+CoreDataProperties.swift in Sources */,
				C2C2B11E292EE0BD00C12EE8 /* MovieManager.swift in Sources */,
				846D307C292CF938006FC25F /* StarWars_iOS.xcdatamodeld in Sources */,
				C2C2B117292ED20100C12EE8 /* MovieManagerNetwork.swift in Sources */,
				93D1AA72293116A500DC9DA6 /* StringConstants.swift in Sources */,
				93CAE1AE293A907A006E14E4 /* NibWrapperView.swift in Sources */,
				C261FDE82936DB6C00BE21CF /* Character+CoreDataClass.swift in Sources */,
				C26EB30B29358D84006D4AC0 /* DetailManager.swift in Sources */,
				93CAE1B0293A9276006E14E4 /* NibWrapped.swift in Sources */,
				C26EB310293599C1006D4AC0 /* MovieDetailViewModel.swift in Sources */,
				CE8FECD529350DCB00132D0C /* MovieDetailViewController.swift in Sources */,
				C27E44D5292FAFA9009A3101 /* Vehicle+CoreDataProperties.swift in Sources */,
				846D3074292CF938006FC25F /* SceneDelegate.swift in Sources */,
				C27E44D1292FAFA9009A3101 /* Starship+CoreDataProperties.swift in Sources */,
				CEE5BFB1293A4EDF00BBC798 /* SpecieResponse.swift in Sources */,
				CE90DE4E29380CC600853B36 /* PlanetViewController.swift in Sources */,
				C27E44DB292FAFA9009A3101 /* Planet+CoreDataClass.swift in Sources */,
				93D1AA7929311CB900DC9DA6 /* MovieCollectionViewCell.swift in Sources */,
				C2C2B119292ED20B00C12EE8 /* MoviesList.swift in Sources */,
				CE940768293E48BD0034B37E /* VehicleTableViewCell.swift in Sources */,
			);
			runOnlyForDeploymentPostprocessing = 0;
		};
		846D3083292CF93A006FC25F /* Sources */ = {
			isa = PBXSourcesBuildPhase;
			buildActionMask = 2147483647;
			files = (
				846D308C292CF93A006FC25F /* StarWars_iOSTests.swift in Sources */,
			);
			runOnlyForDeploymentPostprocessing = 0;
		};
/* End PBXSourcesBuildPhase section */

/* Begin PBXTargetDependency section */
		846D3089292CF93A006FC25F /* PBXTargetDependency */ = {
			isa = PBXTargetDependency;
			target = 846D306D292CF938006FC25F /* StarWars-iOS */;
			targetProxy = 846D3088292CF93A006FC25F /* PBXContainerItemProxy */;
		};
/* End PBXTargetDependency section */

/* Begin PBXVariantGroup section */
		846D3077292CF938006FC25F /* Main.storyboard */ = {
			isa = PBXVariantGroup;
			children = (
				846D3078292CF938006FC25F /* Base */,
			);
			name = Main.storyboard;
			sourceTree = "<group>";
		};
		846D307F292CF93A006FC25F /* LaunchScreen.storyboard */ = {
			isa = PBXVariantGroup;
			children = (
				846D3080292CF93A006FC25F /* Base */,
				93D1AA692930FF0C00DC9DA6 /* es-419 */,
			);
			name = LaunchScreen.storyboard;
			sourceTree = "<group>";
		};
		93D1AA6F293104FB00DC9DA6 /* Localizable.strings */ = {
			isa = PBXVariantGroup;
			children = (
				93D1AA6E293104FB00DC9DA6 /* es-419 */,
				93D1AA70293104FF00DC9DA6 /* en */,
			);
			name = Localizable.strings;
			sourceTree = "<group>";
		};
/* End PBXVariantGroup section */

/* Begin XCBuildConfiguration section */
		846D3099292CF93A006FC25F /* Debug */ = {
			isa = XCBuildConfiguration;
			buildSettings = {
				ALWAYS_SEARCH_USER_PATHS = NO;
				CLANG_ANALYZER_LOCALIZABILITY_NONLOCALIZED = YES;
				CLANG_ANALYZER_NONNULL = YES;
				CLANG_ANALYZER_NUMBER_OBJECT_CONVERSION = YES_AGGRESSIVE;
				CLANG_CXX_LANGUAGE_STANDARD = "gnu++17";
				CLANG_ENABLE_MODULES = YES;
				CLANG_ENABLE_OBJC_ARC = YES;
				CLANG_ENABLE_OBJC_WEAK = YES;
				CLANG_WARN_BLOCK_CAPTURE_AUTORELEASING = YES;
				CLANG_WARN_BOOL_CONVERSION = YES;
				CLANG_WARN_COMMA = YES;
				CLANG_WARN_CONSTANT_CONVERSION = YES;
				CLANG_WARN_DEPRECATED_OBJC_IMPLEMENTATIONS = YES;
				CLANG_WARN_DIRECT_OBJC_ISA_USAGE = YES_ERROR;
				CLANG_WARN_DOCUMENTATION_COMMENTS = YES;
				CLANG_WARN_EMPTY_BODY = YES;
				CLANG_WARN_ENUM_CONVERSION = YES;
				CLANG_WARN_INFINITE_RECURSION = YES;
				CLANG_WARN_INT_CONVERSION = YES;
				CLANG_WARN_NON_LITERAL_NULL_CONVERSION = YES;
				CLANG_WARN_OBJC_IMPLICIT_RETAIN_SELF = YES;
				CLANG_WARN_OBJC_LITERAL_CONVERSION = YES;
				CLANG_WARN_OBJC_ROOT_CLASS = YES_ERROR;
				CLANG_WARN_QUOTED_INCLUDE_IN_FRAMEWORK_HEADER = YES;
				CLANG_WARN_RANGE_LOOP_ANALYSIS = YES;
				CLANG_WARN_STRICT_PROTOTYPES = YES;
				CLANG_WARN_SUSPICIOUS_MOVE = YES;
				CLANG_WARN_UNGUARDED_AVAILABILITY = YES_AGGRESSIVE;
				CLANG_WARN_UNREACHABLE_CODE = YES;
				CLANG_WARN__DUPLICATE_METHOD_MATCH = YES;
				COPY_PHASE_STRIP = NO;
				DEBUG_INFORMATION_FORMAT = dwarf;
				ENABLE_STRICT_OBJC_MSGSEND = YES;
				ENABLE_TESTABILITY = YES;
				GCC_C_LANGUAGE_STANDARD = gnu11;
				GCC_DYNAMIC_NO_PIC = NO;
				GCC_NO_COMMON_BLOCKS = YES;
				GCC_OPTIMIZATION_LEVEL = 0;
				GCC_PREPROCESSOR_DEFINITIONS = (
					"DEBUG=1",
					"$(inherited)",
				);
				GCC_WARN_64_TO_32_BIT_CONVERSION = YES;
				GCC_WARN_ABOUT_RETURN_TYPE = YES_ERROR;
				GCC_WARN_UNDECLARED_SELECTOR = YES;
				GCC_WARN_UNINITIALIZED_AUTOS = YES_AGGRESSIVE;
				GCC_WARN_UNUSED_FUNCTION = YES;
				GCC_WARN_UNUSED_VARIABLE = YES;
				IPHONEOS_DEPLOYMENT_TARGET = 13.6;
				MTL_ENABLE_DEBUG_INFO = INCLUDE_SOURCE;
				MTL_FAST_MATH = YES;
				ONLY_ACTIVE_ARCH = YES;
				SDKROOT = iphoneos;
				SWIFT_ACTIVE_COMPILATION_CONDITIONS = DEBUG;
				SWIFT_OPTIMIZATION_LEVEL = "-Onone";
			};
			name = Debug;
		};
		846D309A292CF93A006FC25F /* Release */ = {
			isa = XCBuildConfiguration;
			buildSettings = {
				ALWAYS_SEARCH_USER_PATHS = NO;
				CLANG_ANALYZER_LOCALIZABILITY_NONLOCALIZED = YES;
				CLANG_ANALYZER_NONNULL = YES;
				CLANG_ANALYZER_NUMBER_OBJECT_CONVERSION = YES_AGGRESSIVE;
				CLANG_CXX_LANGUAGE_STANDARD = "gnu++17";
				CLANG_ENABLE_MODULES = YES;
				CLANG_ENABLE_OBJC_ARC = YES;
				CLANG_ENABLE_OBJC_WEAK = YES;
				CLANG_WARN_BLOCK_CAPTURE_AUTORELEASING = YES;
				CLANG_WARN_BOOL_CONVERSION = YES;
				CLANG_WARN_COMMA = YES;
				CLANG_WARN_CONSTANT_CONVERSION = YES;
				CLANG_WARN_DEPRECATED_OBJC_IMPLEMENTATIONS = YES;
				CLANG_WARN_DIRECT_OBJC_ISA_USAGE = YES_ERROR;
				CLANG_WARN_DOCUMENTATION_COMMENTS = YES;
				CLANG_WARN_EMPTY_BODY = YES;
				CLANG_WARN_ENUM_CONVERSION = YES;
				CLANG_WARN_INFINITE_RECURSION = YES;
				CLANG_WARN_INT_CONVERSION = YES;
				CLANG_WARN_NON_LITERAL_NULL_CONVERSION = YES;
				CLANG_WARN_OBJC_IMPLICIT_RETAIN_SELF = YES;
				CLANG_WARN_OBJC_LITERAL_CONVERSION = YES;
				CLANG_WARN_OBJC_ROOT_CLASS = YES_ERROR;
				CLANG_WARN_QUOTED_INCLUDE_IN_FRAMEWORK_HEADER = YES;
				CLANG_WARN_RANGE_LOOP_ANALYSIS = YES;
				CLANG_WARN_STRICT_PROTOTYPES = YES;
				CLANG_WARN_SUSPICIOUS_MOVE = YES;
				CLANG_WARN_UNGUARDED_AVAILABILITY = YES_AGGRESSIVE;
				CLANG_WARN_UNREACHABLE_CODE = YES;
				CLANG_WARN__DUPLICATE_METHOD_MATCH = YES;
				COPY_PHASE_STRIP = NO;
				DEBUG_INFORMATION_FORMAT = "dwarf-with-dsym";
				ENABLE_NS_ASSERTIONS = NO;
				ENABLE_STRICT_OBJC_MSGSEND = YES;
				GCC_C_LANGUAGE_STANDARD = gnu11;
				GCC_NO_COMMON_BLOCKS = YES;
				GCC_WARN_64_TO_32_BIT_CONVERSION = YES;
				GCC_WARN_ABOUT_RETURN_TYPE = YES_ERROR;
				GCC_WARN_UNDECLARED_SELECTOR = YES;
				GCC_WARN_UNINITIALIZED_AUTOS = YES_AGGRESSIVE;
				GCC_WARN_UNUSED_FUNCTION = YES;
				GCC_WARN_UNUSED_VARIABLE = YES;
				IPHONEOS_DEPLOYMENT_TARGET = 13.6;
				MTL_ENABLE_DEBUG_INFO = NO;
				MTL_FAST_MATH = YES;
				SDKROOT = iphoneos;
				SWIFT_COMPILATION_MODE = wholemodule;
				SWIFT_OPTIMIZATION_LEVEL = "-O";
				VALIDATE_PRODUCT = YES;
			};
			name = Release;
		};
		846D309C292CF93A006FC25F /* Debug */ = {
			isa = XCBuildConfiguration;
			baseConfigurationReference = 08886A6AB34ACB2B1BB4BD65 /* Pods-StarWars-iOS.debug.xcconfig */;
			buildSettings = {
				ASSETCATALOG_COMPILER_APPICON_NAME = AppIcon;
				ASSETCATALOG_COMPILER_GLOBAL_ACCENT_COLOR_NAME = AccentColor;
				CODE_SIGN_STYLE = Automatic;
				CURRENT_PROJECT_VERSION = 1;
				DEVELOPMENT_TEAM = X2663B4F4Y;
				GENERATE_INFOPLIST_FILE = YES;
				INFOPLIST_FILE = "StarWars-iOS/Info.plist";
				INFOPLIST_KEY_UIApplicationSupportsIndirectInputEvents = YES;
				INFOPLIST_KEY_UILaunchStoryboardName = LaunchScreen;
				INFOPLIST_KEY_UIMainStoryboardFile = Main;
				INFOPLIST_KEY_UISupportedInterfaceOrientations_iPad = "UIInterfaceOrientationPortrait UIInterfaceOrientationPortraitUpsideDown UIInterfaceOrientationLandscapeLeft UIInterfaceOrientationLandscapeRight";
				INFOPLIST_KEY_UISupportedInterfaceOrientations_iPhone = "UIInterfaceOrientationPortrait UIInterfaceOrientationLandscapeLeft UIInterfaceOrientationLandscapeRight";
				LD_RUNPATH_SEARCH_PATHS = (
					"$(inherited)",
					"@executable_path/Frameworks",
				);
				MARKETING_VERSION = 1.0;
				PRODUCT_BUNDLE_IDENTIFIER = "com.starwars.team.StarWars-iOS";
				PRODUCT_NAME = "$(TARGET_NAME)";
				SWIFT_EMIT_LOC_STRINGS = YES;
				SWIFT_VERSION = 5.0;
				TARGETED_DEVICE_FAMILY = "1,2";
			};
			name = Debug;
		};
		846D309D292CF93A006FC25F /* Release */ = {
			isa = XCBuildConfiguration;
			baseConfigurationReference = 6DFE30269A9BD82CCBD0B4C9 /* Pods-StarWars-iOS.release.xcconfig */;
			buildSettings = {
				ASSETCATALOG_COMPILER_APPICON_NAME = AppIcon;
				ASSETCATALOG_COMPILER_GLOBAL_ACCENT_COLOR_NAME = AccentColor;
				CODE_SIGN_STYLE = Automatic;
				CURRENT_PROJECT_VERSION = 1;
				DEVELOPMENT_TEAM = X2663B4F4Y;
				GENERATE_INFOPLIST_FILE = YES;
				INFOPLIST_FILE = "StarWars-iOS/Info.plist";
				INFOPLIST_KEY_UIApplicationSupportsIndirectInputEvents = YES;
				INFOPLIST_KEY_UILaunchStoryboardName = LaunchScreen;
				INFOPLIST_KEY_UIMainStoryboardFile = Main;
				INFOPLIST_KEY_UISupportedInterfaceOrientations_iPad = "UIInterfaceOrientationPortrait UIInterfaceOrientationPortraitUpsideDown UIInterfaceOrientationLandscapeLeft UIInterfaceOrientationLandscapeRight";
				INFOPLIST_KEY_UISupportedInterfaceOrientations_iPhone = "UIInterfaceOrientationPortrait UIInterfaceOrientationLandscapeLeft UIInterfaceOrientationLandscapeRight";
				LD_RUNPATH_SEARCH_PATHS = (
					"$(inherited)",
					"@executable_path/Frameworks",
				);
				MARKETING_VERSION = 1.0;
				PRODUCT_BUNDLE_IDENTIFIER = "com.starwars.team.StarWars-iOS";
				PRODUCT_NAME = "$(TARGET_NAME)";
				SWIFT_EMIT_LOC_STRINGS = YES;
				SWIFT_VERSION = 5.0;
				TARGETED_DEVICE_FAMILY = "1,2";
			};
			name = Release;
		};
		846D309F292CF93A006FC25F /* Debug */ = {
			isa = XCBuildConfiguration;
			baseConfigurationReference = 1818D58A49BD23BB47F84606 /* Pods-StarWars-iOSTests.debug.xcconfig */;
			buildSettings = {
				ALWAYS_EMBED_SWIFT_STANDARD_LIBRARIES = YES;
				BUNDLE_LOADER = "$(TEST_HOST)";
				CODE_SIGN_STYLE = Automatic;
				CURRENT_PROJECT_VERSION = 1;
				GENERATE_INFOPLIST_FILE = YES;
				IPHONEOS_DEPLOYMENT_TARGET = 15.5;
				MARKETING_VERSION = 1.0;
				PRODUCT_BUNDLE_IDENTIFIER = "com.starwars.team.StarWars-iOSTests";
				PRODUCT_NAME = "$(TARGET_NAME)";
				SWIFT_EMIT_LOC_STRINGS = NO;
				SWIFT_VERSION = 5.0;
				TARGETED_DEVICE_FAMILY = "1,2";
				TEST_HOST = "$(BUILT_PRODUCTS_DIR)/StarWars-iOS.app/StarWars-iOS";
			};
			name = Debug;
		};
		846D30A0292CF93A006FC25F /* Release */ = {
			isa = XCBuildConfiguration;
			baseConfigurationReference = 1813D08E283150CE5DA4FD54 /* Pods-StarWars-iOSTests.release.xcconfig */;
			buildSettings = {
				ALWAYS_EMBED_SWIFT_STANDARD_LIBRARIES = YES;
				BUNDLE_LOADER = "$(TEST_HOST)";
				CODE_SIGN_STYLE = Automatic;
				CURRENT_PROJECT_VERSION = 1;
				GENERATE_INFOPLIST_FILE = YES;
				IPHONEOS_DEPLOYMENT_TARGET = 15.5;
				MARKETING_VERSION = 1.0;
				PRODUCT_BUNDLE_IDENTIFIER = "com.starwars.team.StarWars-iOSTests";
				PRODUCT_NAME = "$(TARGET_NAME)";
				SWIFT_EMIT_LOC_STRINGS = NO;
				SWIFT_VERSION = 5.0;
				TARGETED_DEVICE_FAMILY = "1,2";
				TEST_HOST = "$(BUILT_PRODUCTS_DIR)/StarWars-iOS.app/StarWars-iOS";
			};
			name = Release;
		};
/* End XCBuildConfiguration section */

/* Begin XCConfigurationList section */
		846D3069292CF938006FC25F /* Build configuration list for PBXProject "StarWars-iOS" */ = {
			isa = XCConfigurationList;
			buildConfigurations = (
				846D3099292CF93A006FC25F /* Debug */,
				846D309A292CF93A006FC25F /* Release */,
			);
			defaultConfigurationIsVisible = 0;
			defaultConfigurationName = Release;
		};
		846D309B292CF93A006FC25F /* Build configuration list for PBXNativeTarget "StarWars-iOS" */ = {
			isa = XCConfigurationList;
			buildConfigurations = (
				846D309C292CF93A006FC25F /* Debug */,
				846D309D292CF93A006FC25F /* Release */,
			);
			defaultConfigurationIsVisible = 0;
			defaultConfigurationName = Release;
		};
		846D309E292CF93A006FC25F /* Build configuration list for PBXNativeTarget "StarWars-iOSTests" */ = {
			isa = XCConfigurationList;
			buildConfigurations = (
				846D309F292CF93A006FC25F /* Debug */,
				846D30A0292CF93A006FC25F /* Release */,
			);
			defaultConfigurationIsVisible = 0;
			defaultConfigurationName = Release;
		};
/* End XCConfigurationList section */

/* Begin XCVersionGroup section */
		846D307A292CF938006FC25F /* StarWars_iOS.xcdatamodeld */ = {
			isa = XCVersionGroup;
			children = (
				846D307B292CF938006FC25F /* StarWars_iOS.xcdatamodel */,
			);
			currentVersion = 846D307B292CF938006FC25F /* StarWars_iOS.xcdatamodel */;
			path = StarWars_iOS.xcdatamodeld;
			sourceTree = "<group>";
			versionGroupType = wrapper.xcdatamodel;
		};
/* End XCVersionGroup section */
	};
	rootObject = 846D3066292CF938006FC25F /* Project object */;
}
